
Microsoft Visual Studio Solution File, Format Version 12.00
# Visual Studio Version 17
VisualStudioVersion = 17.2.32616.157
MinimumVisualStudioVersion = 10.0.40219.1
Project("{FAE04EC0-301F-11D3-BF4B-00C04F79EFBC}") = "Hareket_Proje", "Hareket_Proje\Hareket_Proje.csproj", "{D7C39B87-86AB-4596-8A02-C87406AE8DCC}"
EndProject
Global
	GlobalSection(SolutionConfigurationPlatforms) = preSolution
		Debug|Any CPU = Debug|Any CPU
		Release|Any CPU = Release|Any CPU
	EndGlobalSection
	GlobalSection(ProjectConfigurationPlatforms) = postSolution
		{D7C39B87-86AB-4596-8A02-C87406AE8DCC}.Debug|Any CPU.ActiveCfg = Debug|Any CPU
		{D7C39B87-86AB-4596-8A02-C87406AE8DCC}.Debug|Any CPU.Build.0 = Debug|Any CPU
		{D7C39B87-86AB-4596-8A02-C87406AE8DCC}.Release|Any CPU.ActiveCfg = Release|Any CPU
		{D7C39B87-86AB-4596-8A02-C87406AE8DCC}.Release|Any CPU.Build.0 = Release|Any CPU
	EndGlobalSection
	GlobalSection(SolutionProperties) = preSolution
		HideSolutionNode = FALSE
	EndGlobalSection
	GlobalSection(ExtensibilityGlobals) = postSolution
		SolutionGuid = {903778DB-AB98-400D-B373-B3F34CA28478}
	EndGlobalSection
EndGlobal
